{
  "name": "@sveltevk/qr",
  "version": "0.0.1",
  "lockfileVersion": 1,
  "requires": true,
  "dependencies": {
    "@vkontakte/vk-qr": {
      "version": "2.0.10",
      "resolved": "https://registry.npmjs.org/@vkontakte/vk-qr/-/vk-qr-2.0.10.tgz",
      "integrity": "sha512-STq6mcTcjeGk3WcxXwPzeQ1p6QoP0g3g8WLERWdlnRrAPGkvemXzwFRlIGC3eFwFXVjeMAFWL7YUaM3u9stlqg=="
    }
  }
}
