# THIS IS AN AUTOGENERATED FILE. DO NOT EDIT THIS FILE DIRECTLY.
# yarn lockfile v1


"@vkontakte/vk-qr@2.0.13":
  version "2.0.13"
  resolved "https://registry.yarnpkg.com/@vkontakte/vk-qr/-/vk-qr-2.0.13.tgz#989672cbebd7a7d1cf07c168cf1716ef8fb0c719"
  integrity sha512-yskZf4k0TgJV2atS4WgxjqICeGg1Z+hj8tjvsH2Clf17EJXAczDvn4x1zyqC0CRHDjiOkcbne/FhCKq/nykYiQ==
